
Microsoft Visual Studio Solution File, Format Version 12.00
# Visual Studio 15
VisualStudioVersion = 15.0.28307.271
MinimumVisualStudioVersion = 10.0.40219.1
Project("{151D2E53-A2C4-4D7D-83FE-D05416EBD58E}") = "ProNet.Template", "ProNet.Template\ProNet.Template.deployproj", "{C4AAC0B6-459A-4133-98BB-604854A2E57C}"
EndProject
Project("{FAE04EC0-301F-11D3-BF4B-00C04F79EFBC}") = "Linux.DotNetCore", "Linux.DotNetCore\Linux.DotNetCore.csproj", "{A2A8F0C4-18F3-4A31-9AE8-BBAB471A7E8E}"
EndProject
Global
	GlobalSection(SolutionConfigurationPlatforms) = preSolution
		Debug|Any CPU = Debug|Any CPU
		Release|Any CPU = Release|Any CPU
	EndGlobalSection
	GlobalSection(ProjectConfigurationPlatforms) = postSolution
		{C4AAC0B6-459A-4133-98BB-604854A2E57C}.Debug|Any CPU.ActiveCfg = Debug|Any CPU
		{C4AAC0B6-459A-4133-98BB-604854A2E57C}.Debug|Any CPU.Build.0 = Debug|Any CPU
		{C4AAC0B6-459A-4133-98BB-604854A2E57C}.Release|Any CPU.ActiveCfg = Release|Any CPU
		{C4AAC0B6-459A-4133-98BB-604854A2E57C}.Release|Any CPU.Build.0 = Release|Any CPU
		{A2A8F0C4-18F3-4A31-9AE8-BBAB471A7E8E}.Debug|Any CPU.ActiveCfg = Debug|Any CPU
		{A2A8F0C4-18F3-4A31-9AE8-BBAB471A7E8E}.Debug|Any CPU.Build.0 = Debug|Any CPU
		{A2A8F0C4-18F3-4A31-9AE8-BBAB471A7E8E}.Release|Any CPU.ActiveCfg = Release|Any CPU
		{A2A8F0C4-18F3-4A31-9AE8-BBAB471A7E8E}.Release|Any CPU.Build.0 = Release|Any CPU
	EndGlobalSection
	GlobalSection(SolutionProperties) = preSolution
		HideSolutionNode = FALSE
	EndGlobalSection
	GlobalSection(ExtensibilityGlobals) = postSolution
		SolutionGuid = {8287BB75-5E3E-4F5E-9BC7-93657900E6EB}
	EndGlobalSection
EndGlobal
